# THIS IS AN AUTOGENERATED FILE. DO NOT EDIT THIS FILE DIRECTLY.
# yarn lockfile v1
# bun ./bun.lockb --hash: 2C9AB00472BD3EA0-534a2431b4012d76-CB47DD9DC1955039-a10702ee2a3746ae


"@babel/helper-string-parser@^8.0.0-alpha.2":
  version "8.0.0-alpha.2"
  resolved "https://registry.npmjs.org/@babel/helper-string-parser/-/helper-string-parser-8.0.0-alpha.2.tgz"
  integrity sha512-zdLAD8CTSuAARYmEwYzeQe42vhPXbzONxDjoR+MKPQ1wLCUJpd9HQC+VJb0wbeDdVZKThZXtyYgO+SPCEXtxtA==

"@babel/helper-validator-identifier@^8.0.0-alpha.2":
  version "8.0.0-alpha.2"
  resolved "https://registry.npmjs.org/@babel/helper-validator-identifier/-/helper-validator-identifier-8.0.0-alpha.2.tgz"
  integrity sha512-us66RLKkCzBzNJ1TVAHe2euihYrYaXxbuQ7yJogKdBKBZ0R7gHEpB+e0ylaMGsmLzqlpPUyWWcz3OPTCsq1FDw==

"@babel/types@^7.0.0-beta.54":
  version "8.0.0-alpha.2"
  resolved "https://registry.npmjs.org/@babel/types/-/types-8.0.0-alpha.2.tgz"
  integrity sha512-qc/+6ALxviKBu4nmgZ20ZkNpnzyQAVexvBtojqFOhOaIACGTFLGJyd/o04OtQFBdrhPnhzpz3GSDvFH4RGo1Zw==
  dependencies:
    "@babel/helper-string-parser" "^8.0.0-alpha.2"
    "@babel/helper-validator-identifier" "^8.0.0-alpha.2"
    to-fast-properties "^3.0.0"

to-fast-properties@^3.0.0:
  version "3.0.1"
  resolved "https://registry.npmjs.org/to-fast-properties/-/to-fast-properties-3.0.1.tgz"
  integrity sha512-/wtNi1tW1F3nf0OL6AqVxGw9Tr1ET70InMhJuVxPwFdGqparF0nQ4UWGLf2DsoI2bFDtthlBnALncZpUzOnsUw==
